
Microsoft Visual Studio Solution File, Format Version 12.00
# Visual Studio Version 17
VisualStudioVersion = 17.10.34928.147
MinimumVisualStudioVersion = 10.0.40219.1
Project("{FAE04EC0-301F-11D3-BF4B-00C04F79EFBC}") = "AuthService", "AuthService\AuthService.csproj", "{DCDBA980-3CF4-4790-A575-CA5CF538874D}"
EndProject
Global
	GlobalSection(SolutionConfigurationPlatforms) = preSolution
		Debug|Any CPU = Debug|Any CPU
		Release|Any CPU = Release|Any CPU
	EndGlobalSection
	GlobalSection(ProjectConfigurationPlatforms) = postSolution
		{DCDBA980-3CF4-4790-A575-CA5CF538874D}.Debug|Any CPU.ActiveCfg = Debug|Any CPU
		{DCDBA980-3CF4-4790-A575-CA5CF538874D}.Debug|Any CPU.Build.0 = Debug|Any CPU
		{DCDBA980-3CF4-4790-A575-CA5CF538874D}.Release|Any CPU.ActiveCfg = Release|Any CPU
		{DCDBA980-3CF4-4790-A575-CA5CF538874D}.Release|Any CPU.Build.0 = Release|Any CPU
	EndGlobalSection
	GlobalSection(SolutionProperties) = preSolution
		HideSolutionNode = FALSE
	EndGlobalSection
	GlobalSection(ExtensibilityGlobals) = postSolution
		SolutionGuid = {A8F08648-F16A-48C6-8A55-92328203E923}
	EndGlobalSection
EndGlobal
